{
  "pins" : [
    {
      "identity" : "brightfutures",
      "kind" : "remoteSourceControl",
      "location" : "https://github.com/Thomvis/BrightFutures",
      "state" : {
        "revision" : "939858b811026f85e87847a808f0bea2f187e5c4",
        "version" : "8.1.0"
      }
    },
    {
      "identity" : "footlessparser",
      "kind" : "remoteSourceControl",
      "location" : "https://github.com/kareman/FootlessParser",
      "state" : {
        "revision" : "11c7a366720a2cc62d13ee69c8bdb8372bb3bb2b",
        "version" : "0.5.2"
      }
    },
    {
      "identity" : "reactiveswift",
      "kind" : "remoteSourceControl",
      "location" : "https://github.com/ReactiveCocoa/ReactiveSwift",
      "state" : {
        "revision" : "c43bae3dac73fdd3cb906bd5a1914686ca71ed3c",
        "version" : "6.7.0"
      }
    },
    {
      "identity" : "swiftsparql",
      "kind" : "remoteSourceControl",
      "location" : "https://github.com/banjun/SwiftSparql",
      "state" : {
        "revision" : "640098cd6b3fcc40048dbcf948f3ad01229eb020",
        "version" : "0.11.0"
      }
    }
  ],
  "version" : 2
}
