// !$*UTF8*$!
{
	archiveVersion = 1;
	classes = {
	};
	objectVersion = 56;
	objects = {

/* Begin PBXBuildFile section */
		EA1E077B2B7A317B00A6D4CA /* LifeSizeIdolHeightView.swift in Sources */ = {isa = PBXBuildFile; fileRef = EA1E077A2B7A317B00A6D4CA /* LifeSizeIdolHeightView.swift */; };
		EA1E077D2B7A361800A6D4CA /* BottomAlignedLayout.swift in Sources */ = {isa = PBXBuildFile; fileRef = EA1E077C2B7A361800A6D4CA /* BottomAlignedLayout.swift */; };
		EA7003CC284FD10D00203B80 /* IdolChartsApp.swift in Sources */ = {isa = PBXBuildFile; fileRef = EA7003CB284FD10D00203B80 /* IdolChartsApp.swift */; };
		EA7003CE284FD10D00203B80 /* ContentView.swift in Sources */ = {isa = PBXBuildFile; fileRef = EA7003CD284FD10D00203B80 /* ContentView.swift */; };
		EA7003D0284FD10E00203B80 /* Assets.xcassets in Resources */ = {isa = PBXBuildFile; fileRef = EA7003CF284FD10E00203B80 /* Assets.xcassets */; };
		EA7003D4284FD10E00203B80 /* Preview Assets.xcassets in Resources */ = {isa = PBXBuildFile; fileRef = EA7003D3284FD10E00203B80 /* Preview Assets.xcassets */; };
		EA7003DC284FD47100203B80 /* SwiftSparql in Frameworks */ = {isa = PBXBuildFile; productRef = EA7003DB284FD47100203B80 /* SwiftSparql */; };
		EA7F3235288AF7260062D857 /* IdolHeightView.swift in Sources */ = {isa = PBXBuildFile; fileRef = EA7F3234288AF7260062D857 /* IdolHeightView.swift */; };
		EA7F3237288AF73E0062D857 /* IdolHeight.swift in Sources */ = {isa = PBXBuildFile; fileRef = EA7F3236288AF73E0062D857 /* IdolHeight.swift */; };
		EA7F3239288AF75B0062D857 /* Brand.swift in Sources */ = {isa = PBXBuildFile; fileRef = EA7F3238288AF75B0062D857 /* Brand.swift */; };
/* End PBXBuildFile section */

/* Begin PBXFileReference section */
		EA068C002B79C6D800CBDFEC /* Info.plist */ = {isa = PBXFileReference; lastKnownFileType = text.plist; path = Info.plist; sourceTree = "<group>"; };
		EA1E077A2B7A317B00A6D4CA /* LifeSizeIdolHeightView.swift */ = {isa = PBXFileReference; lastKnownFileType = sourcecode.swift; path = LifeSizeIdolHeightView.swift; sourceTree = "<group>"; };
		EA1E077C2B7A361800A6D4CA /* BottomAlignedLayout.swift */ = {isa = PBXFileReference; fileEncoding = 4; lastKnownFileType = sourcecode.swift; path = BottomAlignedLayout.swift; sourceTree = "<group>"; };
		EA7003C8284FD10D00203B80 /* IdolCharts.app */ = {isa = PBXFileReference; explicitFileType = wrapper.application; includeInIndex = 0; path = IdolCharts.app; sourceTree = BUILT_PRODUCTS_DIR; };
		EA7003CB284FD10D00203B80 /* IdolChartsApp.swift */ = {isa = PBXFileReference; lastKnownFileType = sourcecode.swift; path = IdolChartsApp.swift; sourceTree = "<group>"; };
		EA7003CD284FD10D00203B80 /* ContentView.swift */ = {isa = PBXFileReference; lastKnownFileType = sourcecode.swift; path = ContentView.swift; sourceTree = "<group>"; };
		EA7003CF284FD10E00203B80 /* Assets.xcassets */ = {isa = PBXFileReference; lastKnownFileType = folder.assetcatalog; path = Assets.xcassets; sourceTree = "<group>"; };
		EA7003D1284FD10E00203B80 /* IdolCharts.entitlements */ = {isa = PBXFileReference; lastKnownFileType = text.plist.entitlements; path = IdolCharts.entitlements; sourceTree = "<group>"; };
		EA7003D3284FD10E00203B80 /* Preview Assets.xcassets */ = {isa = PBXFileReference; lastKnownFileType = folder.assetcatalog; path = "Preview Assets.xcassets"; sourceTree = "<group>"; };
		EA7F3234288AF7260062D857 /* IdolHeightView.swift */ = {isa = PBXFileReference; lastKnownFileType = sourcecode.swift; path = IdolHeightView.swift; sourceTree = "<group>"; };
		EA7F3236288AF73E0062D857 /* IdolHeight.swift */ = {isa = PBXFileReference; lastKnownFileType = sourcecode.swift; path = IdolHeight.swift; sourceTree = "<group>"; };
		EA7F3238288AF75B0062D857 /* Brand.swift */ = {isa = PBXFileReference; lastKnownFileType = sourcecode.swift; path = Brand.swift; sourceTree = "<group>"; };
/* End PBXFileReference section */

/* Begin PBXFrameworksBuildPhase section */
		EA7003C5284FD10D00203B80 /* Frameworks */ = {
			isa = PBXFrameworksBuildPhase;
			buildActionMask = 2147483647;
			files = (
				EA7003DC284FD47100203B80 /* SwiftSparql in Frameworks */,
			);
			runOnlyForDeploymentPostprocessing = 0;
		};
/* End PBXFrameworksBuildPhase section */

/* Begin PBXGroup section */
		EA7003BF284FD10D00203B80 = {
			isa = PBXGroup;
			children = (
				EA7003CA284FD10D00203B80 /* IdolCharts */,
				EA7003C9284FD10D00203B80 /* Products */,
			);
			sourceTree = "<group>";
		};
		EA7003C9284FD10D00203B80 /* Products */ = {
			isa = PBXGroup;
			children = (
				EA7003C8284FD10D00203B80 /* IdolCharts.app */,
			);
			name = Products;
			sourceTree = "<group>";
		};
		EA7003CA284FD10D00203B80 /* IdolCharts */ = {
			isa = PBXGroup;
			children = (
				EA068C002B79C6D800CBDFEC /* Info.plist */,
				EA7F3238288AF75B0062D857 /* Brand.swift */,
				EA7003CB284FD10D00203B80 /* IdolChartsApp.swift */,
				EA7003CD284FD10D00203B80 /* ContentView.swift */,
				EA7F3236288AF73E0062D857 /* IdolHeight.swift */,
				EA7F3234288AF7260062D857 /* IdolHeightView.swift */,
				EA1E077A2B7A317B00A6D4CA /* LifeSizeIdolHeightView.swift */,
				EA1E077C2B7A361800A6D4CA /* BottomAlignedLayout.swift */,
				EA7003CF284FD10E00203B80 /* Assets.xcassets */,
				EA7003D1284FD10E00203B80 /* IdolCharts.entitlements */,
				EA7003D2284FD10E00203B80 /* Preview Content */,
			);
			path = IdolCharts;
			sourceTree = "<group>";
		};
		EA7003D2284FD10E00203B80 /* Preview Content */ = {
			isa = PBXGroup;
			children = (
				EA7003D3284FD10E00203B80 /* Preview Assets.xcassets */,
			);
			path = "Preview Content";
			sourceTree = "<group>";
		};
/* End PBXGroup section */

/* Begin PBXNativeTarget section */
		EA7003C7284FD10D00203B80 /* IdolCharts */ = {
			isa = PBXNativeTarget;
			buildConfigurationList = EA7003D7284FD10E00203B80 /* Build configuration list for PBXNativeTarget "IdolCharts" */;
			buildPhases = (
				EA7003C4284FD10D00203B80 /* Sources */,
				EA7003C5284FD10D00203B80 /* Frameworks */,
				EA7003C6284FD10D00203B80 /* Resources */,
			);
			buildRules = (
			);
			dependencies = (
			);
			name = IdolCharts;
			packageProductDependencies = (
				EA7003DB284FD47100203B80 /* SwiftSparql */,
			);
			productName = IdolCharts;
			productReference = EA7003C8284FD10D00203B80 /* IdolCharts.app */;
			productType = "com.apple.product-type.application";
		};
/* End PBXNativeTarget section */

/* Begin PBXProject section */
		EA7003C0284FD10D00203B80 /* Project object */ = {
			isa = PBXProject;
			attributes = {
				BuildIndependentTargetsInParallel = 1;
				LastSwiftUpdateCheck = 1400;
				LastUpgradeCheck = 1400;
				TargetAttributes = {
					EA7003C7284FD10D00203B80 = {
						CreatedOnToolsVersion = 14.0;
					};
				};
			};
			buildConfigurationList = EA7003C3284FD10D00203B80 /* Build configuration list for PBXProject "IdolCharts" */;
			compatibilityVersion = "Xcode 14.0";
			developmentRegion = en;
			hasScannedForEncodings = 0;
			knownRegions = (
				en,
				Base,
			);
			mainGroup = EA7003BF284FD10D00203B80;
			packageReferences = (
				EA7003DA284FD47100203B80 /* XCRemoteSwiftPackageReference "SwiftSparql" */,
			);
			productRefGroup = EA7003C9284FD10D00203B80 /* Products */;
			projectDirPath = "";
			projectRoot = "";
			targets = (
				EA7003C7284FD10D00203B80 /* IdolCharts */,
			);
		};
/* End PBXProject section */

/* Begin PBXResourcesBuildPhase section */
		EA7003C6284FD10D00203B80 /* Resources */ = {
			isa = PBXResourcesBuildPhase;
			buildActionMask = 2147483647;
			files = (
				EA7003D4284FD10E00203B80 /* Preview Assets.xcassets in Resources */,
				EA7003D0284FD10E00203B80 /* Assets.xcassets in Resources */,
			);
			runOnlyForDeploymentPostprocessing = 0;
		};
/* End PBXResourcesBuildPhase section */

/* Begin PBXSourcesBuildPhase section */
		EA7003C4284FD10D00203B80 /* Sources */ = {
			isa = PBXSourcesBuildPhase;
			buildActionMask = 2147483647;
			files = (
				EA1E077B2B7A317B00A6D4CA /* LifeSizeIdolHeightView.swift in Sources */,
				EA7F3237288AF73E0062D857 /* IdolHeight.swift in Sources */,
				EA1E077D2B7A361800A6D4CA /* BottomAlignedLayout.swift in Sources */,
				EA7003CE284FD10D00203B80 /* ContentView.swift in Sources */,
				EA7F3235288AF7260062D857 /* IdolHeightView.swift in Sources */,
				EA7F3239288AF75B0062D857 /* Brand.swift in Sources */,
				EA7003CC284FD10D00203B80 /* IdolChartsApp.swift in Sources */,
			);
			runOnlyForDeploymentPostprocessing = 0;
		};
/* End PBXSourcesBuildPhase section */

/* Begin XCBuildConfiguration section */
		EA7003D5284FD10E00203B80 /* Debug */ = {
			isa = XCBuildConfiguration;
			buildSettings = {
				ALWAYS_SEARCH_USER_PATHS = NO;
				CLANG_ANALYZER_NONNULL = YES;
				CLANG_ANALYZER_NUMBER_OBJECT_CONVERSION = YES_AGGRESSIVE;
				CLANG_CXX_LANGUAGE_STANDARD = "gnu++17";
				CLANG_ENABLE_MODULES = YES;
				CLANG_ENABLE_OBJC_ARC = YES;
				CLANG_ENABLE_OBJC_WEAK = YES;
				CLANG_WARN_BLOCK_CAPTURE_AUTORELEASING = YES;
				CLANG_WARN_BOOL_CONVERSION = YES;
				CLANG_WARN_COMMA = YES;
				CLANG_WARN_CONSTANT_CONVERSION = YES;
				CLANG_WARN_DEPRECATED_OBJC_IMPLEMENTATIONS = YES;
				CLANG_WARN_DIRECT_OBJC_ISA_USAGE = YES_ERROR;
				CLANG_WARN_DOCUMENTATION_COMMENTS = YES;
				CLANG_WARN_EMPTY_BODY = YES;
				CLANG_WARN_ENUM_CONVERSION = YES;
				CLANG_WARN_INFINITE_RECURSION = YES;
				CLANG_WARN_INT_CONVERSION = YES;
				CLANG_WARN_NON_LITERAL_NULL_CONVERSION = YES;
				CLANG_WARN_OBJC_IMPLICIT_RETAIN_SELF = YES;
				CLANG_WARN_OBJC_LITERAL_CONVERSION = YES;
				CLANG_WARN_OBJC_ROOT_CLASS = YES_ERROR;
				CLANG_WARN_QUOTED_INCLUDE_IN_FRAMEWORK_HEADER = YES;
				CLANG_WARN_RANGE_LOOP_ANALYSIS = YES;
				CLANG_WARN_STRICT_PROTOTYPES = YES;
				CLANG_WARN_SUSPICIOUS_MOVE = YES;
				CLANG_WARN_UNGUARDED_AVAILABILITY = YES_AGGRESSIVE;
				CLANG_WARN_UNREACHABLE_CODE = YES;
				CLANG_WARN__DUPLICATE_METHOD_MATCH = YES;
				COPY_PHASE_STRIP = NO;
				DEBUG_INFORMATION_FORMAT = dwarf;
				ENABLE_STRICT_OBJC_MSGSEND = YES;
				ENABLE_TESTABILITY = YES;
				GCC_C_LANGUAGE_STANDARD = gnu11;
				GCC_DYNAMIC_NO_PIC = NO;
				GCC_NO_COMMON_BLOCKS = YES;
				GCC_OPTIMIZATION_LEVEL = 0;
				GCC_PREPROCESSOR_DEFINITIONS = (
					"DEBUG=1",
					"$(inherited)",
				);
				GCC_WARN_64_TO_32_BIT_CONVERSION = YES;
				GCC_WARN_ABOUT_RETURN_TYPE = YES_ERROR;
				GCC_WARN_UNDECLARED_SELECTOR = YES;
				GCC_WARN_UNINITIALIZED_AUTOS = YES_AGGRESSIVE;
				GCC_WARN_UNUSED_FUNCTION = YES;
				GCC_WARN_UNUSED_VARIABLE = YES;
				MTL_ENABLE_DEBUG_INFO = INCLUDE_SOURCE;
				MTL_FAST_MATH = YES;
				ONLY_ACTIVE_ARCH = YES;
				SWIFT_ACTIVE_COMPILATION_CONDITIONS = DEBUG;
				SWIFT_OPTIMIZATION_LEVEL = "-Onone";
			};
			name = Debug;
		};
		EA7003D6284FD10E00203B80 /* Release */ = {
			isa = XCBuildConfiguration;
			buildSettings = {
				ALWAYS_SEARCH_USER_PATHS = NO;
				CLANG_ANALYZER_NONNULL = YES;
				CLANG_ANALYZER_NUMBER_OBJECT_CONVERSION = YES_AGGRESSIVE;
				CLANG_CXX_LANGUAGE_STANDARD = "gnu++17";
				CLANG_ENABLE_MODULES = YES;
				CLANG_ENABLE_OBJC_ARC = YES;
				CLANG_ENABLE_OBJC_WEAK = YES;
				CLANG_WARN_BLOCK_CAPTURE_AUTORELEASING = YES;
				CLANG_WARN_BOOL_CONVERSION = YES;
				CLANG_WARN_COMMA = YES;
				CLANG_WARN_CONSTANT_CONVERSION = YES;
				CLANG_WARN_DEPRECATED_OBJC_IMPLEMENTATIONS = YES;
				CLANG_WARN_DIRECT_OBJC_ISA_USAGE = YES_ERROR;
				CLANG_WARN_DOCUMENTATION_COMMENTS = YES;
				CLANG_WARN_EMPTY_BODY = YES;
				CLANG_WARN_ENUM_CONVERSION = YES;
				CLANG_WARN_INFINITE_RECURSION = YES;
				CLANG_WARN_INT_CONVERSION = YES;
				CLANG_WARN_NON_LITERAL_NULL_CONVERSION = YES;
				CLANG_WARN_OBJC_IMPLICIT_RETAIN_SELF = YES;
				CLANG_WARN_OBJC_LITERAL_CONVERSION = YES;
				CLANG_WARN_OBJC_ROOT_CLASS = YES_ERROR;
				CLANG_WARN_QUOTED_INCLUDE_IN_FRAMEWORK_HEADER = YES;
				CLANG_WARN_RANGE_LOOP_ANALYSIS = YES;
				CLANG_WARN_STRICT_PROTOTYPES = YES;
				CLANG_WARN_SUSPICIOUS_MOVE = YES;
				CLANG_WARN_UNGUARDED_AVAILABILITY = YES_AGGRESSIVE;
				CLANG_WARN_UNREACHABLE_CODE = YES;
				CLANG_WARN__DUPLICATE_METHOD_MATCH = YES;
				COPY_PHASE_STRIP = NO;
				DEBUG_INFORMATION_FORMAT = "dwarf-with-dsym";
				ENABLE_NS_ASSERTIONS = NO;
				ENABLE_STRICT_OBJC_MSGSEND = YES;
				GCC_C_LANGUAGE_STANDARD = gnu11;
				GCC_NO_COMMON_BLOCKS = YES;
				GCC_WARN_64_TO_32_BIT_CONVERSION = YES;
				GCC_WARN_ABOUT_RETURN_TYPE = YES_ERROR;
				GCC_WARN_UNDECLARED_SELECTOR = YES;
				GCC_WARN_UNINITIALIZED_AUTOS = YES_AGGRESSIVE;
				GCC_WARN_UNUSED_FUNCTION = YES;
				GCC_WARN_UNUSED_VARIABLE = YES;
				MTL_ENABLE_DEBUG_INFO = NO;
				MTL_FAST_MATH = YES;
				SWIFT_COMPILATION_MODE = wholemodule;
				SWIFT_OPTIMIZATION_LEVEL = "-O";
			};
			name = Release;
		};
		EA7003D8284FD10E00203B80 /* Debug */ = {
			isa = XCBuildConfiguration;
			buildSettings = {
				ASSETCATALOG_COMPILER_APPICON_NAME = AppIcon;
				ASSETCATALOG_COMPILER_GLOBAL_ACCENT_COLOR_NAME = AccentColor;
				CODE_SIGN_ENTITLEMENTS = IdolCharts/IdolCharts.entitlements;
				CODE_SIGN_STYLE = Automatic;
				CURRENT_PROJECT_VERSION = 1;
				DEVELOPMENT_ASSET_PATHS = "\"IdolCharts/Preview Content\"";
				DEVELOPMENT_TEAM = FPZK4WRGW7;
				ENABLE_PREVIEWS = YES;
				GENERATE_INFOPLIST_FILE = YES;
				INFOPLIST_FILE = IdolCharts/Info.plist;
				INFOPLIST_KEY_UIApplicationSceneManifest_Generation = YES;
				"INFOPLIST_KEY_UILaunchScreen_Generation[sdk=iphoneos*]" = YES;
				"INFOPLIST_KEY_UILaunchScreen_Generation[sdk=iphonesimulator*]" = YES;
				INFOPLIST_KEY_UISupportedInterfaceOrientations_iPad = "UIInterfaceOrientationPortrait UIInterfaceOrientationPortraitUpsideDown UIInterfaceOrientationLandscapeLeft UIInterfaceOrientationLandscapeRight";
				INFOPLIST_KEY_UISupportedInterfaceOrientations_iPhone = "UIInterfaceOrientationPortrait UIInterfaceOrientationLandscapeLeft UIInterfaceOrientationLandscapeRight";
				IPHONEOS_DEPLOYMENT_TARGET = 17.0;
				LD_RUNPATH_SEARCH_PATHS = "@executable_path/Frameworks";
				"LD_RUNPATH_SEARCH_PATHS[sdk=macosx*]" = "@executable_path/../Frameworks";
				MACOSX_DEPLOYMENT_TARGET = 14.0;
				MARKETING_VERSION = 1.0;
				PRODUCT_BUNDLE_IDENTIFIER = jp.banjun.exp.IdolCharts;
				PRODUCT_NAME = "$(TARGET_NAME)";
				SDKROOT = xros;
				SUPPORTED_PLATFORMS = "iphoneos iphonesimulator macosx xros xrsimulator";
				SUPPORTS_MACCATALYST = NO;
				SUPPORTS_MAC_DESIGNED_FOR_IPHONE_IPAD = NO;
				SUPPORTS_XR_DESIGNED_FOR_IPHONE_IPAD = NO;
				SWIFT_EMIT_LOC_STRINGS = YES;
				SWIFT_VERSION = 5.0;
				TARGETED_DEVICE_FAMILY = "1,2,7";
				XROS_DEPLOYMENT_TARGET = 1.0;
			};
			name = Debug;
		};
		EA7003D9284FD10E00203B80 /* Release */ = {
			isa = XCBuildConfiguration;
			buildSettings = {
				ASSETCATALOG_COMPILER_APPICON_NAME = AppIcon;
				ASSETCATALOG_COMPILER_GLOBAL_ACCENT_COLOR_NAME = AccentColor;
				CODE_SIGN_ENTITLEMENTS = IdolCharts/IdolCharts.entitlements;
				CODE_SIGN_STYLE = Automatic;
				CURRENT_PROJECT_VERSION = 1;
				DEVELOPMENT_ASSET_PATHS = "\"IdolCharts/Preview Content\"";
				DEVELOPMENT_TEAM = FPZK4WRGW7;
				ENABLE_PREVIEWS = YES;
				GENERATE_INFOPLIST_FILE = YES;
				INFOPLIST_FILE = IdolCharts/Info.plist;
				INFOPLIST_KEY_UIApplicationSceneManifest_Generation = YES;
				"INFOPLIST_KEY_UILaunchScreen_Generation[sdk=iphoneos*]" = YES;
				"INFOPLIST_KEY_UILaunchScreen_Generation[sdk=iphonesimulator*]" = YES;
				INFOPLIST_KEY_UISupportedInterfaceOrientations_iPad = "UIInterfaceOrientationPortrait UIInterfaceOrientationPortraitUpsideDown UIInterfaceOrientationLandscapeLeft UIInterfaceOrientationLandscapeRight";
				INFOPLIST_KEY_UISupportedInterfaceOrientations_iPhone = "UIInterfaceOrientationPortrait UIInterfaceOrientationLandscapeLeft UIInterfaceOrientationLandscapeRight";
				IPHONEOS_DEPLOYMENT_TARGET = 17.0;
				LD_RUNPATH_SEARCH_PATHS = "@executable_path/Frameworks";
				"LD_RUNPATH_SEARCH_PATHS[sdk=macosx*]" = "@executable_path/../Frameworks";
				MACOSX_DEPLOYMENT_TARGET = 14.0;
				MARKETING_VERSION = 1.0;
				PRODUCT_BUNDLE_IDENTIFIER = jp.banjun.exp.IdolCharts;
				PRODUCT_NAME = "$(TARGET_NAME)";
				SDKROOT = xros;
				SUPPORTED_PLATFORMS = "iphoneos iphonesimulator macosx xros xrsimulator";
				SUPPORTS_MACCATALYST = NO;
				SUPPORTS_MAC_DESIGNED_FOR_IPHONE_IPAD = NO;
				SUPPORTS_XR_DESIGNED_FOR_IPHONE_IPAD = NO;
				SWIFT_EMIT_LOC_STRINGS = YES;
				SWIFT_VERSION = 5.0;
				TARGETED_DEVICE_FAMILY = "1,2,7";
				XROS_DEPLOYMENT_TARGET = 1.0;
			};
			name = Release;
		};
/* End XCBuildConfiguration section */

/* Begin XCConfigurationList section */
		EA7003C3284FD10D00203B80 /* Build configuration list for PBXProject "IdolCharts" */ = {
			isa = XCConfigurationList;
			buildConfigurations = (
				EA7003D5284FD10E00203B80 /* Debug */,
				EA7003D6284FD10E00203B80 /* Release */,
			);
			defaultConfigurationIsVisible = 0;
			defaultConfigurationName = Release;
		};
		EA7003D7284FD10E00203B80 /* Build configuration list for PBXNativeTarget "IdolCharts" */ = {
			isa = XCConfigurationList;
			buildConfigurations = (
				EA7003D8284FD10E00203B80 /* Debug */,
				EA7003D9284FD10E00203B80 /* Release */,
			);
			defaultConfigurationIsVisible = 0;
			defaultConfigurationName = Release;
		};
/* End XCConfigurationList section */

/* Begin XCRemoteSwiftPackageReference section */
		EA7003DA284FD47100203B80 /* XCRemoteSwiftPackageReference "SwiftSparql" */ = {
			isa = XCRemoteSwiftPackageReference;
			repositoryURL = "https://github.com/banjun/SwiftSparql";
			requirement = {
				kind = upToNextMajorVersion;
				minimumVersion = 0.9.0;
			};
		};
/* End XCRemoteSwiftPackageReference section */

/* Begin XCSwiftPackageProductDependency section */
		EA7003DB284FD47100203B80 /* SwiftSparql */ = {
			isa = XCSwiftPackageProductDependency;
			package = EA7003DA284FD47100203B80 /* XCRemoteSwiftPackageReference "SwiftSparql" */;
			productName = SwiftSparql;
		};
/* End XCSwiftPackageProductDependency section */
	};
	rootObject = EA7003C0284FD10D00203B80 /* Project object */;
}
